<?xml version="1.0" encoding="UTF-8"?>
<Project ToolsVersion="14.0" xmlns="http://schemas.microsoft.com/developer/msbuild/2003">
  <ItemGroup>
    <CustomBuild Include="C:\Users\bpolidor\projects\dfg-cpp\CMakeFiles\24d7785f4fd10743eb81fa65433b4495\generate.stamp.rule">
      <Filter>CMake Rules</Filter>
    </CustomBuild>
  </ItemGroup>
  <ItemGroup>
    <Filter Include="CMake Rules">
      <UniqueIdentifier>{2E345200-8F6B-376A-A760-0EF3CF2708C4}</UniqueIdentifier>
    </Filter>
  </ItemGroup>
</Project>
